// !$*UTF8*$!
{
	archiveVersion = 1;
	classes = {
	};
	objectVersion = 56;
	objects = {

/* Begin PBXBuildFile section */
		199A40782AD8962100936375 /* Model.swift in Sources */ = {isa = PBXBuildFile; fileRef = 199A40772AD8962100936375 /* Model.swift */; };
		199A407A2AD8A30E00936375 /* Home.swift in Sources */ = {isa = PBXBuildFile; fileRef = 199A40792AD8A30E00936375 /* Home.swift */; };
		19DF525E2AD4855500E701F3 /* NewXcodeApp.swift in Sources */ = {isa = PBXBuildFile; fileRef = 19DF525D2AD4855500E701F3 /* NewXcodeApp.swift */; };
		19DF52602AD4855500E701F3 /* ContentView.swift in Sources */ = {isa = PBXBuildFile; fileRef = 19DF525F2AD4855500E701F3 /* ContentView.swift */; };
		19DF52622AD4855E00E701F3 /* Assets.xcassets in Resources */ = {isa = PBXBuildFile; fileRef = 19DF52612AD4855E00E701F3 /* Assets.xcassets */; };
		19DF52662AD4855E00E701F3 /* Preview Assets.xcassets in Resources */ = {isa = PBXBuildFile; fileRef = 19DF52652AD4855E00E701F3 /* Preview Assets.xcassets */; };
		19DF52702AD4855F00E701F3 /* NewXcodeTests.swift in Sources */ = {isa = PBXBuildFile; fileRef = 19DF526F2AD4855F00E701F3 /* NewXcodeTests.swift */; };
		19DF527A2AD4855F00E701F3 /* NewXcodeUITests.swift in Sources */ = {isa = PBXBuildFile; fileRef = 19DF52792AD4855F00E701F3 /* NewXcodeUITests.swift */; };
		19DF527C2AD4855F00E701F3 /* NewXcodeUITestsLaunchTests.swift in Sources */ = {isa = PBXBuildFile; fileRef = 19DF527B2AD4855F00E701F3 /* NewXcodeUITestsLaunchTests.swift */; };
/* End PBXBuildFile section */

/* Begin PBXContainerItemProxy section */
		19DF526C2AD4855F00E701F3 /* PBXContainerItemProxy */ = {
			isa = PBXContainerItemProxy;
			containerPortal = 19DF52522AD4855500E701F3 /* Project object */;
			proxyType = 1;
			remoteGlobalIDString = 19DF52592AD4855500E701F3;
			remoteInfo = NewXcode;
		};
		19DF52762AD4855F00E701F3 /* PBXContainerItemProxy */ = {
			isa = PBXContainerItemProxy;
			containerPortal = 19DF52522AD4855500E701F3 /* Project object */;
			proxyType = 1;
			remoteGlobalIDString = 19DF52592AD4855500E701F3;
			remoteInfo = NewXcode;
		};
/* End PBXContainerItemProxy section */

/* Begin PBXFileReference section */
		199A40772AD8962100936375 /* Model.swift */ = {isa = PBXFileReference; lastKnownFileType = sourcecode.swift; path = Model.swift; sourceTree = "<group>"; };
		199A40792AD8A30E00936375 /* Home.swift */ = {isa = PBXFileReference; lastKnownFileType = sourcecode.swift; path = Home.swift; sourceTree = "<group>"; };
		19DF525A2AD4855500E701F3 /* NewXcode.app */ = {isa = PBXFileReference; explicitFileType = wrapper.application; includeInIndex = 0; path = NewXcode.app; sourceTree = BUILT_PRODUCTS_DIR; };
		19DF525D2AD4855500E701F3 /* NewXcodeApp.swift */ = {isa = PBXFileReference; lastKnownFileType = sourcecode.swift; path = NewXcodeApp.swift; sourceTree = "<group>"; };
		19DF525F2AD4855500E701F3 /* ContentView.swift */ = {isa = PBXFileReference; lastKnownFileType = sourcecode.swift; path = ContentView.swift; sourceTree = "<group>"; };
		19DF52612AD4855E00E701F3 /* Assets.xcassets */ = {isa = PBXFileReference; lastKnownFileType = folder.assetcatalog; path = Assets.xcassets; sourceTree = "<group>"; };
		19DF52632AD4855E00E701F3 /* NewXcode.entitlements */ = {isa = PBXFileReference; lastKnownFileType = text.plist.entitlements; path = NewXcode.entitlements; sourceTree = "<group>"; };
		19DF52652AD4855E00E701F3 /* Preview Assets.xcassets */ = {isa = PBXFileReference; lastKnownFileType = folder.assetcatalog; path = "Preview Assets.xcassets"; sourceTree = "<group>"; };
		19DF526B2AD4855F00E701F3 /* NewXcodeTests.xctest */ = {isa = PBXFileReference; explicitFileType = wrapper.cfbundle; includeInIndex = 0; path = NewXcodeTests.xctest; sourceTree = BUILT_PRODUCTS_DIR; };
		19DF526F2AD4855F00E701F3 /* NewXcodeTests.swift */ = {isa = PBXFileReference; lastKnownFileType = sourcecode.swift; path = NewXcodeTests.swift; sourceTree = "<group>"; };
		19DF52752AD4855F00E701F3 /* NewXcodeUITests.xctest */ = {isa = PBXFileReference; explicitFileType = wrapper.cfbundle; includeInIndex = 0; path = NewXcodeUITests.xctest; sourceTree = BUILT_PRODUCTS_DIR; };
		19DF52792AD4855F00E701F3 /* NewXcodeUITests.swift */ = {isa = PBXFileReference; lastKnownFileType = sourcecode.swift; path = NewXcodeUITests.swift; sourceTree = "<group>"; };
		19DF527B2AD4855F00E701F3 /* NewXcodeUITestsLaunchTests.swift */ = {isa = PBXFileReference; lastKnownFileType = sourcecode.swift; path = NewXcodeUITestsLaunchTests.swift; sourceTree = "<group>"; };
/* End PBXFileReference section */

/* Begin PBXFrameworksBuildPhase section */
		19DF52572AD4855500E701F3 /* Frameworks */ = {
			isa = PBXFrameworksBuildPhase;
			buildActionMask = 2147483647;
			files = (
			);
			runOnlyForDeploymentPostprocessing = 0;
		};
		19DF52682AD4855F00E701F3 /* Frameworks */ = {
			isa = PBXFrameworksBuildPhase;
			buildActionMask = 2147483647;
			files = (
			);
			runOnlyForDeploymentPostprocessing = 0;
		};
		19DF52722AD4855F00E701F3 /* Frameworks */ = {
			isa = PBXFrameworksBuildPhase;
			buildActionMask = 2147483647;
			files = (
			);
			runOnlyForDeploymentPostprocessing = 0;
		};
/* End PBXFrameworksBuildPhase section */

/* Begin PBXGroup section */
		19DF52512AD4855500E701F3 = {
			isa = PBXGroup;
			children = (
				19DF525C2AD4855500E701F3 /* NewXcode */,
				19DF526E2AD4855F00E701F3 /* NewXcodeTests */,
				19DF52782AD4855F00E701F3 /* NewXcodeUITests */,
				19DF525B2AD4855500E701F3 /* Products */,
			);
			sourceTree = "<group>";
		};
		19DF525B2AD4855500E701F3 /* Products */ = {
			isa = PBXGroup;
			children = (
				19DF525A2AD4855500E701F3 /* NewXcode.app */,
				19DF526B2AD4855F00E701F3 /* NewXcodeTests.xctest */,
				19DF52752AD4855F00E701F3 /* NewXcodeUITests.xctest */,
			);
			name = Products;
			sourceTree = "<group>";
		};
		19DF525C2AD4855500E701F3 /* NewXcode */ = {
			isa = PBXGroup;
			children = (
				19DF525D2AD4855500E701F3 /* NewXcodeApp.swift */,
				19DF525F2AD4855500E701F3 /* ContentView.swift */,
				19DF52612AD4855E00E701F3 /* Assets.xcassets */,
				19DF52632AD4855E00E701F3 /* NewXcode.entitlements */,
				19DF52642AD4855E00E701F3 /* Preview Content */,
				199A40772AD8962100936375 /* Model.swift */,
				199A40792AD8A30E00936375 /* Home.swift */,
			);
			path = NewXcode;
			sourceTree = "<group>";
		};
		19DF52642AD4855E00E701F3 /* Preview Content */ = {
			isa = PBXGroup;
			children = (
				19DF52652AD4855E00E701F3 /* Preview Assets.xcassets */,
			);
			path = "Preview Content";
			sourceTree = "<group>";
		};
		19DF526E2AD4855F00E701F3 /* NewXcodeTests */ = {
			isa = PBXGroup;
			children = (
				19DF526F2AD4855F00E701F3 /* NewXcodeTests.swift */,
			);
			path = NewXcodeTests;
			sourceTree = "<group>";
		};
		19DF52782AD4855F00E701F3 /* NewXcodeUITests */ = {
			isa = PBXGroup;
			children = (
				19DF52792AD4855F00E701F3 /* NewXcodeUITests.swift */,
				19DF527B2AD4855F00E701F3 /* NewXcodeUITestsLaunchTests.swift */,
			);
			path = NewXcodeUITests;
			sourceTree = "<group>";
		};
/* End PBXGroup section */

/* Begin PBXNativeTarget section */
		19DF52592AD4855500E701F3 /* NewXcode */ = {
			isa = PBXNativeTarget;
			buildConfigurationList = 19DF527F2AD4855F00E701F3 /* Build configuration list for PBXNativeTarget "NewXcode" */;
			buildPhases = (
				19DF52562AD4855500E701F3 /* Sources */,
				19DF52572AD4855500E701F3 /* Frameworks */,
				19DF52582AD4855500E701F3 /* Resources */,
			);
			buildRules = (
			);
			dependencies = (
			);
			name = NewXcode;
			productName = NewXcode;
			productReference = 19DF525A2AD4855500E701F3 /* NewXcode.app */;
			productType = "com.apple.product-type.application";
		};
		19DF526A2AD4855F00E701F3 /* NewXcodeTests */ = {
			isa = PBXNativeTarget;
			buildConfigurationList = 19DF52822AD4855F00E701F3 /* Build configuration list for PBXNativeTarget "NewXcodeTests" */;
			buildPhases = (
				19DF52672AD4855F00E701F3 /* Sources */,
				19DF52682AD4855F00E701F3 /* Frameworks */,
				19DF52692AD4855F00E701F3 /* Resources */,
			);
			buildRules = (
			);
			dependencies = (
				19DF526D2AD4855F00E701F3 /* PBXTargetDependency */,
			);
			name = NewXcodeTests;
			productName = NewXcodeTests;
			productReference = 19DF526B2AD4855F00E701F3 /* NewXcodeTests.xctest */;
			productType = "com.apple.product-type.bundle.unit-test";
		};
		19DF52742AD4855F00E701F3 /* NewXcodeUITests */ = {
			isa = PBXNativeTarget;
			buildConfigurationList = 19DF52852AD4855F00E701F3 /* Build configuration list for PBXNativeTarget "NewXcodeUITests" */;
			buildPhases = (
				19DF52712AD4855F00E701F3 /* Sources */,
				19DF52722AD4855F00E701F3 /* Frameworks */,
				19DF52732AD4855F00E701F3 /* Resources */,
			);
			buildRules = (
			);
			dependencies = (
				19DF52772AD4855F00E701F3 /* PBXTargetDependency */,
			);
			name = NewXcodeUITests;
			productName = NewXcodeUITests;
			productReference = 19DF52752AD4855F00E701F3 /* NewXcodeUITests.xctest */;
			productType = "com.apple.product-type.bundle.ui-testing";
		};
/* End PBXNativeTarget section */

/* Begin PBXProject section */
		19DF52522AD4855500E701F3 /* Project object */ = {
			isa = PBXProject;
			attributes = {
				BuildIndependentTargetsInParallel = 1;
				LastSwiftUpdateCheck = 1500;
				LastUpgradeCheck = 1510;
				TargetAttributes = {
					19DF52592AD4855500E701F3 = {
						CreatedOnToolsVersion = 15.0;
					};
					19DF526A2AD4855F00E701F3 = {
						CreatedOnToolsVersion = 15.0;
						TestTargetID = 19DF52592AD4855500E701F3;
					};
					19DF52742AD4855F00E701F3 = {
						CreatedOnToolsVersion = 15.0;
						TestTargetID = 19DF52592AD4855500E701F3;
					};
				};
			};
			buildConfigurationList = 19DF52552AD4855500E701F3 /* Build configuration list for PBXProject "NewXcode" */;
			compatibilityVersion = "Xcode 14.0";
			developmentRegion = en;
			hasScannedForEncodings = 0;
			knownRegions = (
				en,
				Base,
			);
			mainGroup = 19DF52512AD4855500E701F3;
			productRefGroup = 19DF525B2AD4855500E701F3 /* Products */;
			projectDirPath = "";
			projectRoot = "";
			targets = (
				19DF52592AD4855500E701F3 /* NewXcode */,
				19DF526A2AD4855F00E701F3 /* NewXcodeTests */,
				19DF52742AD4855F00E701F3 /* NewXcodeUITests */,
			);
		};
/* End PBXProject section */

/* Begin PBXResourcesBuildPhase section */
		19DF52582AD4855500E701F3 /* Resources */ = {
			isa = PBXResourcesBuildPhase;
			buildActionMask = 2147483647;
			files = (
				19DF52662AD4855E00E701F3 /* Preview Assets.xcassets in Resources */,
				19DF52622AD4855E00E701F3 /* Assets.xcassets in Resources */,
			);
			runOnlyForDeploymentPostprocessing = 0;
		};
		19DF52692AD4855F00E701F3 /* Resources */ = {
			isa = PBXResourcesBuildPhase;
			buildActionMask = 2147483647;
			files = (
			);
			runOnlyForDeploymentPostprocessing = 0;
		};
		19DF52732AD4855F00E701F3 /* Resources */ = {
			isa = PBXResourcesBuildPhase;
			buildActionMask = 2147483647;
			files = (
			);
			runOnlyForDeploymentPostprocessing = 0;
		};
/* End PBXResourcesBuildPhase section */

/* Begin PBXSourcesBuildPhase section */
		19DF52562AD4855500E701F3 /* Sources */ = {
			isa = PBXSourcesBuildPhase;
			buildActionMask = 2147483647;
			files = (
				199A40782AD8962100936375 /* Model.swift in Sources */,
				19DF52602AD4855500E701F3 /* ContentView.swift in Sources */,
				199A407A2AD8A30E00936375 /* Home.swift in Sources */,
				19DF525E2AD4855500E701F3 /* NewXcodeApp.swift in Sources */,
			);
			runOnlyForDeploymentPostprocessing = 0;
		};
		19DF52672AD4855F00E701F3 /* Sources */ = {
			isa = PBXSourcesBuildPhase;
			buildActionMask = 2147483647;
			files = (
				19DF52702AD4855F00E701F3 /* NewXcodeTests.swift in Sources */,
			);
			runOnlyForDeploymentPostprocessing = 0;
		};
		19DF52712AD4855F00E701F3 /* Sources */ = {
			isa = PBXSourcesBuildPhase;
			buildActionMask = 2147483647;
			files = (
				19DF527C2AD4855F00E701F3 /* NewXcodeUITestsLaunchTests.swift in Sources */,
				19DF527A2AD4855F00E701F3 /* NewXcodeUITests.swift in Sources */,
			);
			runOnlyForDeploymentPostprocessing = 0;
		};
/* End PBXSourcesBuildPhase section */

/* Begin PBXTargetDependency section */
		19DF526D2AD4855F00E701F3 /* PBXTargetDependency */ = {
			isa = PBXTargetDependency;
			target = 19DF52592AD4855500E701F3 /* NewXcode */;
			targetProxy = 19DF526C2AD4855F00E701F3 /* PBXContainerItemProxy */;
		};
		19DF52772AD4855F00E701F3 /* PBXTargetDependency */ = {
			isa = PBXTargetDependency;
			target = 19DF52592AD4855500E701F3 /* NewXcode */;
			targetProxy = 19DF52762AD4855F00E701F3 /* PBXContainerItemProxy */;
		};
/* End PBXTargetDependency section */

/* Begin XCBuildConfiguration section */
		19DF527D2AD4855F00E701F3 /* Debug */ = {
			isa = XCBuildConfiguration;
			buildSettings = {
				ALWAYS_SEARCH_USER_PATHS = NO;
				ASSETCATALOG_COMPILER_GENERATE_SWIFT_ASSET_SYMBOL_EXTENSIONS = YES;
				CLANG_ANALYZER_NONNULL = YES;
				CLANG_ANALYZER_NUMBER_OBJECT_CONVERSION = YES_AGGRESSIVE;
				CLANG_CXX_LANGUAGE_STANDARD = "gnu++20";
				CLANG_ENABLE_MODULES = YES;
				CLANG_ENABLE_OBJC_ARC = YES;
				CLANG_ENABLE_OBJC_WEAK = YES;
				CLANG_WARN_BLOCK_CAPTURE_AUTORELEASING = YES;
				CLANG_WARN_BOOL_CONVERSION = YES;
				CLANG_WARN_COMMA = YES;
				CLANG_WARN_CONSTANT_CONVERSION = YES;
				CLANG_WARN_DEPRECATED_OBJC_IMPLEMENTATIONS = YES;
				CLANG_WARN_DIRECT_OBJC_ISA_USAGE = YES_ERROR;
				CLANG_WARN_DOCUMENTATION_COMMENTS = YES;
				CLANG_WARN_EMPTY_BODY = YES;
				CLANG_WARN_ENUM_CONVERSION = YES;
				CLANG_WARN_INFINITE_RECURSION = YES;
				CLANG_WARN_INT_CONVERSION = YES;
				CLANG_WARN_NON_LITERAL_NULL_CONVERSION = YES;
				CLANG_WARN_OBJC_IMPLICIT_RETAIN_SELF = YES;
				CLANG_WARN_OBJC_LITERAL_CONVERSION = YES;
				CLANG_WARN_OBJC_ROOT_CLASS = YES_ERROR;
				CLANG_WARN_QUOTED_INCLUDE_IN_FRAMEWORK_HEADER = YES;
				CLANG_WARN_RANGE_LOOP_ANALYSIS = YES;
				CLANG_WARN_STRICT_PROTOTYPES = YES;
				CLANG_WARN_SUSPICIOUS_MOVE = YES;
				CLANG_WARN_UNGUARDED_AVAILABILITY = YES_AGGRESSIVE;
				CLANG_WARN_UNREACHABLE_CODE = YES;
				CLANG_WARN__DUPLICATE_METHOD_MATCH = YES;
				COPY_PHASE_STRIP = NO;
				DEAD_CODE_STRIPPING = YES;
				DEBUG_INFORMATION_FORMAT = dwarf;
				ENABLE_STRICT_OBJC_MSGSEND = YES;
				ENABLE_TESTABILITY = YES;
				ENABLE_USER_SCRIPT_SANDBOXING = YES;
				GCC_C_LANGUAGE_STANDARD = gnu17;
				GCC_DYNAMIC_NO_PIC = NO;
				GCC_NO_COMMON_BLOCKS = YES;
				GCC_OPTIMIZATION_LEVEL = 0;
				GCC_PREPROCESSOR_DEFINITIONS = (
					"DEBUG=1",
					"$(inherited)",
				);
				GCC_WARN_64_TO_32_BIT_CONVERSION = YES;
				GCC_WARN_ABOUT_RETURN_TYPE = YES_ERROR;
				GCC_WARN_UNDECLARED_SELECTOR = YES;
				GCC_WARN_UNINITIALIZED_AUTOS = YES_AGGRESSIVE;
				GCC_WARN_UNUSED_FUNCTION = YES;
				GCC_WARN_UNUSED_VARIABLE = YES;
				LOCALIZATION_PREFERS_STRING_CATALOGS = YES;
				MTL_ENABLE_DEBUG_INFO = INCLUDE_SOURCE;
				MTL_FAST_MATH = YES;
				ONLY_ACTIVE_ARCH = YES;
				SWIFT_ACTIVE_COMPILATION_CONDITIONS = "DEBUG $(inherited)";
				SWIFT_OPTIMIZATION_LEVEL = "-Onone";
			};
			name = Debug;
		};
		19DF527E2AD4855F00E701F3 /* Release */ = {
			isa = XCBuildConfiguration;
			buildSettings = {
				ALWAYS_SEARCH_USER_PATHS = NO;
				ASSETCATALOG_COMPILER_GENERATE_SWIFT_ASSET_SYMBOL_EXTENSIONS = YES;
				CLANG_ANALYZER_NONNULL = YES;
				CLANG_ANALYZER_NUMBER_OBJECT_CONVERSION = YES_AGGRESSIVE;
				CLANG_CXX_LANGUAGE_STANDARD = "gnu++20";
				CLANG_ENABLE_MODULES = YES;
				CLANG_ENABLE_OBJC_ARC = YES;
				CLANG_ENABLE_OBJC_WEAK = YES;
				CLANG_WARN_BLOCK_CAPTURE_AUTORELEASING = YES;
				CLANG_WARN_BOOL_CONVERSION = YES;
				CLANG_WARN_COMMA = YES;
				CLANG_WARN_CONSTANT_CONVERSION = YES;
				CLANG_WARN_DEPRECATED_OBJC_IMPLEMENTATIONS = YES;
				CLANG_WARN_DIRECT_OBJC_ISA_USAGE = YES_ERROR;
				CLANG_WARN_DOCUMENTATION_COMMENTS = YES;
				CLANG_WARN_EMPTY_BODY = YES;
				CLANG_WARN_ENUM_CONVERSION = YES;
				CLANG_WARN_INFINITE_RECURSION = YES;
				CLANG_WARN_INT_CONVERSION = YES;
				CLANG_WARN_NON_LITERAL_NULL_CONVERSION = YES;
				CLANG_WARN_OBJC_IMPLICIT_RETAIN_SELF = YES;
				CLANG_WARN_OBJC_LITERAL_CONVERSION = YES;
				CLANG_WARN_OBJC_ROOT_CLASS = YES_ERROR;
				CLANG_WARN_QUOTED_INCLUDE_IN_FRAMEWORK_HEADER = YES;
				CLANG_WARN_RANGE_LOOP_ANALYSIS = YES;
				CLANG_WARN_STRICT_PROTOTYPES = YES;
				CLANG_WARN_SUSPICIOUS_MOVE = YES;
				CLANG_WARN_UNGUARDED_AVAILABILITY = YES_AGGRESSIVE;
				CLANG_WARN_UNREACHABLE_CODE = YES;
				CLANG_WARN__DUPLICATE_METHOD_MATCH = YES;
				COPY_PHASE_STRIP = NO;
				DEAD_CODE_STRIPPING = YES;
				DEBUG_INFORMATION_FORMAT = "dwarf-with-dsym";
				ENABLE_NS_ASSERTIONS = NO;
				ENABLE_STRICT_OBJC_MSGSEND = YES;
				ENABLE_USER_SCRIPT_SANDBOXING = YES;
				GCC_C_LANGUAGE_STANDARD = gnu17;
				GCC_NO_COMMON_BLOCKS = YES;
				GCC_WARN_64_TO_32_BIT_CONVERSION = YES;
				GCC_WARN_ABOUT_RETURN_TYPE = YES_ERROR;
				GCC_WARN_UNDECLARED_SELECTOR = YES;
				GCC_WARN_UNINITIALIZED_AUTOS = YES_AGGRESSIVE;
				GCC_WARN_UNUSED_FUNCTION = YES;
				GCC_WARN_UNUSED_VARIABLE = YES;
				LOCALIZATION_PREFERS_STRING_CATALOGS = YES;
				MTL_ENABLE_DEBUG_INFO = NO;
				MTL_FAST_MATH = YES;
				SWIFT_COMPILATION_MODE = wholemodule;
			};
			name = Release;
		};
		19DF52802AD4855F00E701F3 /* Debug */ = {
			isa = XCBuildConfiguration;
			buildSettings = {
				ASSETCATALOG_COMPILER_APPICON_NAME = AppIcon;
				ASSETCATALOG_COMPILER_GLOBAL_ACCENT_COLOR_NAME = AccentColor;
				CODE_SIGN_ENTITLEMENTS = NewXcode/NewXcode.entitlements;
				CODE_SIGN_STYLE = Automatic;
				CURRENT_PROJECT_VERSION = 1;
				DEAD_CODE_STRIPPING = YES;
				DEVELOPMENT_ASSET_PATHS = "\"NewXcode/Preview Content\"";
				DEVELOPMENT_TEAM = WEE3S3NWZ2;
				ENABLE_HARDENED_RUNTIME = YES;
				ENABLE_PREVIEWS = YES;
				GENERATE_INFOPLIST_FILE = YES;
				"INFOPLIST_KEY_UIApplicationSceneManifest_Generation[sdk=iphoneos*]" = YES;
				"INFOPLIST_KEY_UIApplicationSceneManifest_Generation[sdk=iphonesimulator*]" = YES;
				"INFOPLIST_KEY_UIApplicationSupportsIndirectInputEvents[sdk=iphoneos*]" = YES;
				"INFOPLIST_KEY_UIApplicationSupportsIndirectInputEvents[sdk=iphonesimulator*]" = YES;
				"INFOPLIST_KEY_UILaunchScreen_Generation[sdk=iphoneos*]" = YES;
				"INFOPLIST_KEY_UILaunchScreen_Generation[sdk=iphonesimulator*]" = YES;
				"INFOPLIST_KEY_UIStatusBarStyle[sdk=iphoneos*]" = UIStatusBarStyleDefault;
				"INFOPLIST_KEY_UIStatusBarStyle[sdk=iphonesimulator*]" = UIStatusBarStyleDefault;
				INFOPLIST_KEY_UISupportedInterfaceOrientations_iPad = "UIInterfaceOrientationPortrait UIInterfaceOrientationPortraitUpsideDown UIInterfaceOrientationLandscapeLeft UIInterfaceOrientationLandscapeRight";
				INFOPLIST_KEY_UISupportedInterfaceOrientations_iPhone = "UIInterfaceOrientationPortrait UIInterfaceOrientationLandscapeLeft UIInterfaceOrientationLandscapeRight";
				IPHONEOS_DEPLOYMENT_TARGET = 17.0;
				LD_RUNPATH_SEARCH_PATHS = "@executable_path/Frameworks";
				"LD_RUNPATH_SEARCH_PATHS[sdk=macosx*]" = "@executable_path/../Frameworks";
				MACOSX_DEPLOYMENT_TARGET = 14.0;
				MARKETING_VERSION = 1.0;
				PRODUCT_BUNDLE_IDENTIFIER = luchonic.NewXcode;
				PRODUCT_NAME = "$(TARGET_NAME)";
				SDKROOT = auto;
				SUPPORTED_PLATFORMS = "iphoneos iphonesimulator";
				SUPPORTS_MACCATALYST = NO;
				SWIFT_EMIT_LOC_STRINGS = YES;
				SWIFT_VERSION = 5.0;
				TARGETED_DEVICE_FAMILY = 1;
			};
			name = Debug;
		};
		19DF52812AD4855F00E701F3 /* Release */ = {
			isa = XCBuildConfiguration;
			buildSettings = {
				ASSETCATALOG_COMPILER_APPICON_NAME = AppIcon;
				ASSETCATALOG_COMPILER_GLOBAL_ACCENT_COLOR_NAME = AccentColor;
				CODE_SIGN_ENTITLEMENTS = NewXcode/NewXcode.entitlements;
				CODE_SIGN_STYLE = Automatic;
				CURRENT_PROJECT_VERSION = 1;
				DEAD_CODE_STRIPPING = YES;
				DEVELOPMENT_ASSET_PATHS = "\"NewXcode/Preview Content\"";
				DEVELOPMENT_TEAM = WEE3S3NWZ2;
				ENABLE_HARDENED_RUNTIME = YES;
				ENABLE_PREVIEWS = YES;
				GENERATE_INFOPLIST_FILE = YES;
				"INFOPLIST_KEY_UIApplicationSceneManifest_Generation[sdk=iphoneos*]" = YES;
				"INFOPLIST_KEY_UIApplicationSceneManifest_Generation[sdk=iphonesimulator*]" = YES;
				"INFOPLIST_KEY_UIApplicationSupportsIndirectInputEvents[sdk=iphoneos*]" = YES;
				"INFOPLIST_KEY_UIApplicationSupportsIndirectInputEvents[sdk=iphonesimulator*]" = YES;
				"INFOPLIST_KEY_UILaunchScreen_Generation[sdk=iphoneos*]" = YES;
				"INFOPLIST_KEY_UILaunchScreen_Generation[sdk=iphonesimulator*]" = YES;
				"INFOPLIST_KEY_UIStatusBarStyle[sdk=iphoneos*]" = UIStatusBarStyleDefault;
				"INFOPLIST_KEY_UIStatusBarStyle[sdk=iphonesimulator*]" = UIStatusBarStyleDefault;
				INFOPLIST_KEY_UISupportedInterfaceOrientations_iPad = "UIInterfaceOrientationPortrait UIInterfaceOrientationPortraitUpsideDown UIInterfaceOrientationLandscapeLeft UIInterfaceOrientationLandscapeRight";
				INFOPLIST_KEY_UISupportedInterfaceOrientations_iPhone = "UIInterfaceOrientationPortrait UIInterfaceOrientationLandscapeLeft UIInterfaceOrientationLandscapeRight";
				IPHONEOS_DEPLOYMENT_TARGET = 17.0;
				LD_RUNPATH_SEARCH_PATHS = "@executable_path/Frameworks";
				"LD_RUNPATH_SEARCH_PATHS[sdk=macosx*]" = "@executable_path/../Frameworks";
				MACOSX_DEPLOYMENT_TARGET = 14.0;
				MARKETING_VERSION = 1.0;
				PRODUCT_BUNDLE_IDENTIFIER = luchonic.NewXcode;
				PRODUCT_NAME = "$(TARGET_NAME)";
				SDKROOT = auto;
				SUPPORTED_PLATFORMS = "iphoneos iphonesimulator";
				SUPPORTS_MACCATALYST = NO;
				SWIFT_EMIT_LOC_STRINGS = YES;
				SWIFT_VERSION = 5.0;
				TARGETED_DEVICE_FAMILY = 1;
			};
			name = Release;
		};
		19DF52832AD4855F00E701F3 /* Debug */ = {
			isa = XCBuildConfiguration;
			buildSettings = {
				ALWAYS_EMBED_SWIFT_STANDARD_LIBRARIES = YES;
				BUNDLE_LOADER = "$(TEST_HOST)";
				CODE_SIGN_STYLE = Automatic;
				CURRENT_PROJECT_VERSION = 1;
				DEAD_CODE_STRIPPING = YES;
				DEVELOPMENT_TEAM = WEE3S3NWZ2;
				GENERATE_INFOPLIST_FILE = YES;
				IPHONEOS_DEPLOYMENT_TARGET = 17.0;
				MACOSX_DEPLOYMENT_TARGET = 14.0;
				MARKETING_VERSION = 1.0;
				PRODUCT_BUNDLE_IDENTIFIER = luchonic.NewXcodeTests;
				PRODUCT_NAME = "$(TARGET_NAME)";
				SDKROOT = auto;
				SUPPORTED_PLATFORMS = "iphoneos iphonesimulator macosx";
				SWIFT_EMIT_LOC_STRINGS = NO;
				SWIFT_VERSION = 5.0;
				TARGETED_DEVICE_FAMILY = "1,2";
				TEST_HOST = "$(BUILT_PRODUCTS_DIR)/NewXcode.app/$(BUNDLE_EXECUTABLE_FOLDER_PATH)/NewXcode";
			};
			name = Debug;
		};
		19DF52842AD4855F00E701F3 /* Release */ = {
			isa = XCBuildConfiguration;
			buildSettings = {
				ALWAYS_EMBED_SWIFT_STANDARD_LIBRARIES = YES;
				BUNDLE_LOADER = "$(TEST_HOST)";
				CODE_SIGN_STYLE = Automatic;
				CURRENT_PROJECT_VERSION = 1;
				DEAD_CODE_STRIPPING = YES;
				DEVELOPMENT_TEAM = WEE3S3NWZ2;
				GENERATE_INFOPLIST_FILE = YES;
				IPHONEOS_DEPLOYMENT_TARGET = 17.0;
				MACOSX_DEPLOYMENT_TARGET = 14.0;
				MARKETING_VERSION = 1.0;
				PRODUCT_BUNDLE_IDENTIFIER = luchonic.NewXcodeTests;
				PRODUCT_NAME = "$(TARGET_NAME)";
				SDKROOT = auto;
				SUPPORTED_PLATFORMS = "iphoneos iphonesimulator macosx";
				SWIFT_EMIT_LOC_STRINGS = NO;
				SWIFT_VERSION = 5.0;
				TARGETED_DEVICE_FAMILY = "1,2";
				TEST_HOST = "$(BUILT_PRODUCTS_DIR)/NewXcode.app/$(BUNDLE_EXECUTABLE_FOLDER_PATH)/NewXcode";
			};
			name = Release;
		};
		19DF52862AD4855F00E701F3 /* Debug */ = {
			isa = XCBuildConfiguration;
			buildSettings = {
				ALWAYS_EMBED_SWIFT_STANDARD_LIBRARIES = YES;
				CODE_SIGN_STYLE = Automatic;
				CURRENT_PROJECT_VERSION = 1;
				DEAD_CODE_STRIPPING = YES;
				DEVELOPMENT_TEAM = WEE3S3NWZ2;
				GENERATE_INFOPLIST_FILE = YES;
				IPHONEOS_DEPLOYMENT_TARGET = 17.0;
				MACOSX_DEPLOYMENT_TARGET = 14.0;
				MARKETING_VERSION = 1.0;
				PRODUCT_BUNDLE_IDENTIFIER = luchonic.NewXcodeUITests;
				PRODUCT_NAME = "$(TARGET_NAME)";
				SDKROOT = auto;
				SUPPORTED_PLATFORMS = "iphoneos iphonesimulator macosx";
				SWIFT_EMIT_LOC_STRINGS = NO;
				SWIFT_VERSION = 5.0;
				TARGETED_DEVICE_FAMILY = "1,2";
				TEST_TARGET_NAME = NewXcode;
			};
			name = Debug;
		};
		19DF52872AD4855F00E701F3 /* Release */ = {
			isa = XCBuildConfiguration;
			buildSettings = {
				ALWAYS_EMBED_SWIFT_STANDARD_LIBRARIES = YES;
				CODE_SIGN_STYLE = Automatic;
				CURRENT_PROJECT_VERSION = 1;
				DEAD_CODE_STRIPPING = YES;
				DEVELOPMENT_TEAM = WEE3S3NWZ2;
				GENERATE_INFOPLIST_FILE = YES;
				IPHONEOS_DEPLOYMENT_TARGET = 17.0;
				MACOSX_DEPLOYMENT_TARGET = 14.0;
				MARKETING_VERSION = 1.0;
				PRODUCT_BUNDLE_IDENTIFIER = luchonic.NewXcodeUITests;
				PRODUCT_NAME = "$(TARGET_NAME)";
				SDKROOT = auto;
				SUPPORTED_PLATFORMS = "iphoneos iphonesimulator macosx";
				SWIFT_EMIT_LOC_STRINGS = NO;
				SWIFT_VERSION = 5.0;
				TARGETED_DEVICE_FAMILY = "1,2";
				TEST_TARGET_NAME = NewXcode;
			};
			name = Release;
		};
/* End XCBuildConfiguration section */

/* Begin XCConfigurationList section */
		19DF52552AD4855500E701F3 /* Build configuration list for PBXProject "NewXcode" */ = {
			isa = XCConfigurationList;
			buildConfigurations = (
				19DF527D2AD4855F00E701F3 /* Debug */,
				19DF527E2AD4855F00E701F3 /* Release */,
			);
			defaultConfigurationIsVisible = 0;
			defaultConfigurationName = Release;
		};
		19DF527F2AD4855F00E701F3 /* Build configuration list for PBXNativeTarget "NewXcode" */ = {
			isa = XCConfigurationList;
			buildConfigurations = (
				19DF52802AD4855F00E701F3 /* Debug */,
				19DF52812AD4855F00E701F3 /* Release */,
			);
			defaultConfigurationIsVisible = 0;
			defaultConfigurationName = Release;
		};
		19DF52822AD4855F00E701F3 /* Build configuration list for PBXNativeTarget "NewXcodeTests" */ = {
			isa = XCConfigurationList;
			buildConfigurations = (
				19DF52832AD4855F00E701F3 /* Debug */,
				19DF52842AD4855F00E701F3 /* Release */,
			);
			defaultConfigurationIsVisible = 0;
			defaultConfigurationName = Release;
		};
		19DF52852AD4855F00E701F3 /* Build configuration list for PBXNativeTarget "NewXcodeUITests" */ = {
			isa = XCConfigurationList;
			buildConfigurations = (
				19DF52862AD4855F00E701F3 /* Debug */,
				19DF52872AD4855F00E701F3 /* Release */,
			);
			defaultConfigurationIsVisible = 0;
			defaultConfigurationName = Release;
		};
/* End XCConfigurationList section */
	};
	rootObject = 19DF52522AD4855500E701F3 /* Project object */;
}
